
Microsoft Visual Studio Solution File, Format Version 12.00
# Visual Studio 15
VisualStudioVersion = 15.0.28307.705
MinimumVisualStudioVersion = 10.0.40219.1
Project("{FAE04EC0-301F-11D3-BF4B-00C04F79EFBC}") = "Practice.Consul.DemoService", "Practice.Consul.DemoService\Practice.Consul.DemoService.csproj", "{5B8B1BD2-14BD-4009-B4AC-29E23E62406E}"
EndProject
Project("{FAE04EC0-301F-11D3-BF4B-00C04F79EFBC}") = "Practice.Consul.Client", "Practice.Consul.Client\Practice.Consul.Client.csproj", "{70E31485-2AD6-43C3-BBA6-F4D87360FCBF}"
EndProject
Global
	GlobalSection(SolutionConfigurationPlatforms) = preSolution
		Debug|Any CPU = Debug|Any CPU
		Release|Any CPU = Release|Any CPU
	EndGlobalSection
	GlobalSection(ProjectConfigurationPlatforms) = postSolution
		{5B8B1BD2-14BD-4009-B4AC-29E23E62406E}.Debug|Any CPU.ActiveCfg = Debug|Any CPU
		{5B8B1BD2-14BD-4009-B4AC-29E23E62406E}.Debug|Any CPU.Build.0 = Debug|Any CPU
		{5B8B1BD2-14BD-4009-B4AC-29E23E62406E}.Release|Any CPU.ActiveCfg = Release|Any CPU
		{5B8B1BD2-14BD-4009-B4AC-29E23E62406E}.Release|Any CPU.Build.0 = Release|Any CPU
		{70E31485-2AD6-43C3-BBA6-F4D87360FCBF}.Debug|Any CPU.ActiveCfg = Debug|Any CPU
		{70E31485-2AD6-43C3-BBA6-F4D87360FCBF}.Debug|Any CPU.Build.0 = Debug|Any CPU
		{70E31485-2AD6-43C3-BBA6-F4D87360FCBF}.Release|Any CPU.ActiveCfg = Release|Any CPU
		{70E31485-2AD6-43C3-BBA6-F4D87360FCBF}.Release|Any CPU.Build.0 = Release|Any CPU
	EndGlobalSection
	GlobalSection(SolutionProperties) = preSolution
		HideSolutionNode = FALSE
	EndGlobalSection
	GlobalSection(ExtensibilityGlobals) = postSolution
		SolutionGuid = {4C755B8D-CAC6-4983-B099-E95E409DB090}
	EndGlobalSection
EndGlobal
